
Microsoft Visual Studio Solution File, Format Version 12.00
# Visual Studio Version 17
VisualStudioVersion = 17.4.33205.214
MinimumVisualStudioVersion = 10.0.40219.1
Project("{FAE04EC0-301F-11D3-BF4B-00C04F79EFBC}") = "StoringClientData", "StorageClientData\StoringClientData.csproj", "{304A6AFB-A8F8-45A2-82A6-6AB938773969}"
EndProject
Global
	GlobalSection(SolutionConfigurationPlatforms) = preSolution
		Debug|Any CPU = Debug|Any CPU
		Release|Any CPU = Release|Any CPU
	EndGlobalSection
	GlobalSection(ProjectConfigurationPlatforms) = postSolution
		{304A6AFB-A8F8-45A2-82A6-6AB938773969}.Debug|Any CPU.ActiveCfg = Debug|Any CPU
		{304A6AFB-A8F8-45A2-82A6-6AB938773969}.Debug|Any CPU.Build.0 = Debug|Any CPU
		{304A6AFB-A8F8-45A2-82A6-6AB938773969}.Release|Any CPU.ActiveCfg = Release|Any CPU
		{304A6AFB-A8F8-45A2-82A6-6AB938773969}.Release|Any CPU.Build.0 = Release|Any CPU
	EndGlobalSection
	GlobalSection(SolutionProperties) = preSolution
		HideSolutionNode = FALSE
	EndGlobalSection
	GlobalSection(ExtensibilityGlobals) = postSolution
		SolutionGuid = {3A00D9DD-D248-4F67-9A66-5C6EBC4FAF2E}
	EndGlobalSection
EndGlobal
